
Microsoft Visual Studio Solution File, Format Version 12.00
# Visual Studio Version 17
VisualStudioVersion = 17.14.36623.8 d17.14
MinimumVisualStudioVersion = 10.0.40219.1
Project("{FAE04EC0-301F-11D3-BF4B-00C04F79EFBC}") = "ChatServer", "ChatServer.csproj", "{F1ACE145-7E6B-4864-B33D-E1DFE48032BD}"
EndProject
Global
	GlobalSection(SolutionConfigurationPlatforms) = preSolution
		Debug|Any CPU = Debug|Any CPU
		Release|Any CPU = Release|Any CPU
	EndGlobalSection
	GlobalSection(ProjectConfigurationPlatforms) = postSolution
		{F1ACE145-7E6B-4864-B33D-E1DFE48032BD}.Debug|Any CPU.ActiveCfg = Debug|Any CPU
		{F1ACE145-7E6B-4864-B33D-E1DFE48032BD}.Debug|Any CPU.Build.0 = Debug|Any CPU
		{F1ACE145-7E6B-4864-B33D-E1DFE48032BD}.Release|Any CPU.ActiveCfg = Release|Any CPU
		{F1ACE145-7E6B-4864-B33D-E1DFE48032BD}.Release|Any CPU.Build.0 = Release|Any CPU
	EndGlobalSection
	GlobalSection(SolutionProperties) = preSolution
		HideSolutionNode = FALSE
	EndGlobalSection
	GlobalSection(ExtensibilityGlobals) = postSolution
		SolutionGuid = {80548515-9157-42C4-ABE5-5CF15FA9F01E}
	EndGlobalSection
EndGlobal
